{
  "name": "final_js_libraries",
  "version": "1.0.0",
  "lockfileVersion": 2,
  "requires": true,
  "packages": {
    "": {
      "name": "final_js_libraries",
      "version": "1.0.0",
      "license": "ISC",
      "dependencies": {
        "datelibjs": "^1.0.1",
        "scoopy-str-helper": "^1.0.1"
      }
    },
    "node_modules/datelibjs": {
      "version": "1.0.1",
      "resolved": "https://registry.npmjs.org/datelibjs/-/datelibjs-1.0.1.tgz",
      "integrity": "sha512-4IQWqBN1wBaN2s3gx32rEhbiPg4w3jmuMSm/3t3aDrXFEaRNt/nOgXfu8kXipN2mYcFW/tHR3/RMyODnRl+91w=="
    },
    "node_modules/scoopy-str-helper": {
      "version": "1.0.1",
      "resolved": "https://registry.npmjs.org/scoopy-str-helper/-/scoopy-str-helper-1.0.1.tgz",
      "integrity": "sha512-GOKRodxpii12pYqVFM3J2vXKtPXhL+x+uM2yN+2R1LTkKLnaPAvs873vKB8cyxxuwqMSie7HmEViTGm2fJY7Fw=="
    }
  },
  "dependencies": {
    "datelibjs": {
      "version": "1.0.1",
      "resolved": "https://registry.npmjs.org/datelibjs/-/datelibjs-1.0.1.tgz",
      "integrity": "sha512-4IQWqBN1wBaN2s3gx32rEhbiPg4w3jmuMSm/3t3aDrXFEaRNt/nOgXfu8kXipN2mYcFW/tHR3/RMyODnRl+91w=="
    },
    "scoopy-str-helper": {
      "version": "1.0.1",
      "resolved": "https://registry.npmjs.org/scoopy-str-helper/-/scoopy-str-helper-1.0.1.tgz",
      "integrity": "sha512-GOKRodxpii12pYqVFM3J2vXKtPXhL+x+uM2yN+2R1LTkKLnaPAvs873vKB8cyxxuwqMSie7HmEViTGm2fJY7Fw=="
    }
  }
}
